
Microsoft Visual Studio Solution File, Format Version 12.00
# Visual Studio Version 16
VisualStudioVersion = 16.0.29613.14
MinimumVisualStudioVersion = 10.0.40219.1
Project("{9A19103F-16F7-4668-BE54-9A1E7A4F7556}") = "IntroToWPF", "IntroToWPF\IntroToWPF.csproj", "{04FE7296-75B8-499D-82F7-D6B8E12D7F50}"
EndProject
Project("{9A19103F-16F7-4668-BE54-9A1E7A4F7556}") = "CSV", "CSV\CSV.csproj", "{3FE80C07-1F70-4416-B87E-6B4345147AFD}"
EndProject
Project("{9A19103F-16F7-4668-BE54-9A1E7A4F7556}") = "WPF1", "WPF1\WPF1.csproj", "{8D90DAA8-4EEE-4E4D-B3CB-8D84EFC7A2BD}"
EndProject
Project("{FAE04EC0-301F-11D3-BF4B-00C04F79EFBC}") = "WPF2", "WPF2\WPF2.csproj", "{E8B95525-8231-4520-9558-AE41F3CD8C7F}"
EndProject
Project("{FAE04EC0-301F-11D3-BF4B-00C04F79EFBC}") = "JSON_RickAndMorty", "JSON_RickAndMorty\JSON_RickAndMorty.csproj", "{DB4A81C8-E89D-45DA-9113-71E630CD4223}"
EndProject
Global
	GlobalSection(SolutionConfigurationPlatforms) = preSolution
		Debug|Any CPU = Debug|Any CPU
		Release|Any CPU = Release|Any CPU
	EndGlobalSection
	GlobalSection(ProjectConfigurationPlatforms) = postSolution
		{04FE7296-75B8-499D-82F7-D6B8E12D7F50}.Debug|Any CPU.ActiveCfg = Debug|Any CPU
		{04FE7296-75B8-499D-82F7-D6B8E12D7F50}.Debug|Any CPU.Build.0 = Debug|Any CPU
		{04FE7296-75B8-499D-82F7-D6B8E12D7F50}.Release|Any CPU.ActiveCfg = Release|Any CPU
		{04FE7296-75B8-499D-82F7-D6B8E12D7F50}.Release|Any CPU.Build.0 = Release|Any CPU
		{3FE80C07-1F70-4416-B87E-6B4345147AFD}.Debug|Any CPU.ActiveCfg = Debug|Any CPU
		{3FE80C07-1F70-4416-B87E-6B4345147AFD}.Debug|Any CPU.Build.0 = Debug|Any CPU
		{3FE80C07-1F70-4416-B87E-6B4345147AFD}.Release|Any CPU.ActiveCfg = Release|Any CPU
		{3FE80C07-1F70-4416-B87E-6B4345147AFD}.Release|Any CPU.Build.0 = Release|Any CPU
		{8D90DAA8-4EEE-4E4D-B3CB-8D84EFC7A2BD}.Debug|Any CPU.ActiveCfg = Debug|Any CPU
		{8D90DAA8-4EEE-4E4D-B3CB-8D84EFC7A2BD}.Debug|Any CPU.Build.0 = Debug|Any CPU
		{8D90DAA8-4EEE-4E4D-B3CB-8D84EFC7A2BD}.Release|Any CPU.ActiveCfg = Release|Any CPU
		{8D90DAA8-4EEE-4E4D-B3CB-8D84EFC7A2BD}.Release|Any CPU.Build.0 = Release|Any CPU
		{E8B95525-8231-4520-9558-AE41F3CD8C7F}.Debug|Any CPU.ActiveCfg = Debug|Any CPU
		{E8B95525-8231-4520-9558-AE41F3CD8C7F}.Debug|Any CPU.Build.0 = Debug|Any CPU
		{E8B95525-8231-4520-9558-AE41F3CD8C7F}.Release|Any CPU.ActiveCfg = Release|Any CPU
		{E8B95525-8231-4520-9558-AE41F3CD8C7F}.Release|Any CPU.Build.0 = Release|Any CPU
		{DB4A81C8-E89D-45DA-9113-71E630CD4223}.Debug|Any CPU.ActiveCfg = Debug|Any CPU
		{DB4A81C8-E89D-45DA-9113-71E630CD4223}.Debug|Any CPU.Build.0 = Debug|Any CPU
		{DB4A81C8-E89D-45DA-9113-71E630CD4223}.Release|Any CPU.ActiveCfg = Release|Any CPU
		{DB4A81C8-E89D-45DA-9113-71E630CD4223}.Release|Any CPU.Build.0 = Release|Any CPU
	EndGlobalSection
	GlobalSection(SolutionProperties) = preSolution
		HideSolutionNode = FALSE
	EndGlobalSection
	GlobalSection(ExtensibilityGlobals) = postSolution
		SolutionGuid = {A7616DA4-EF3F-43FD-9763-9257609DD6BB}
	EndGlobalSection
EndGlobal
